
Microsoft Visual Studio Solution File, Format Version 12.00
# Visual Studio Version 17
VisualStudioVersion = 17.2.32526.322
MinimumVisualStudioVersion = 10.0.40219.1
Project("{FAE04EC0-301F-11D3-BF4B-00C04F79EFBC}") = "DynamicQueryableExtensions", "DynamicQueryableExtensions\DynamicQueryableExtensions.csproj", "{F3918193-3D31-4819-9DB7-A46B1BA47838}"
EndProject
Global
	GlobalSection(SolutionConfigurationPlatforms) = preSolution
		Debug|Any CPU = Debug|Any CPU
		Release|Any CPU = Release|Any CPU
	EndGlobalSection
	GlobalSection(ProjectConfigurationPlatforms) = postSolution
		{F3918193-3D31-4819-9DB7-A46B1BA47838}.Debug|Any CPU.ActiveCfg = Debug|Any CPU
		{F3918193-3D31-4819-9DB7-A46B1BA47838}.Debug|Any CPU.Build.0 = Debug|Any CPU
		{F3918193-3D31-4819-9DB7-A46B1BA47838}.Release|Any CPU.ActiveCfg = Release|Any CPU
		{F3918193-3D31-4819-9DB7-A46B1BA47838}.Release|Any CPU.Build.0 = Release|Any CPU
	EndGlobalSection
	GlobalSection(SolutionProperties) = preSolution
		HideSolutionNode = FALSE
	EndGlobalSection
	GlobalSection(ExtensibilityGlobals) = postSolution
		SolutionGuid = {C4C458A6-114D-48ED-A4BC-EFCE25CA9FFA}
	EndGlobalSection
EndGlobal
